PODS:
  - ASN1Decoder (1.10.0)
  - boost (1.76.0)
  - DoubleConversion (1.1.6)
  - EASClient (0.3.0):
    - ExpoModulesCore
  - EXApplication (4.2.2):
    - ExpoModulesCore
  - EXBarCodeScanner (11.5.0):
    - EXImageLoader
    - ExpoModulesCore
    - ZXingObjC/OneD
    - ZXingObjC/PDF417
  - EXConstants (13.2.4):
    - ExpoModulesCore
  - EXDevice (4.3.0):
    - ExpoModulesCore
  - EXErrorRecovery (3.2.0):
    - ExpoModulesCore
  - EXFileSystem (14.1.0):
    - ExpoModulesCore
  - EXFont (10.2.1):
    - ExpoModulesCore
  - EXImageLoader (3.2.0):
    - ExpoModulesCore
    - React-Core
  - EXJSONUtils (0.3.0)
  - EXLocation (14.3.0):
    - ExpoModulesCore
  - EXManifests (0.3.1):
    - EXJSONUtils
  - EXNotifications (0.16.1):
    - ExpoModulesCore
  - Expo (46.0.21):
    - ExpoModulesCore
  - expo-dev-client (1.3.1):
    - EXManifests
    - expo-dev-launcher
    - expo-dev-menu
    - expo-dev-menu-interface
    - EXUpdatesInterface
  - expo-dev-launcher (1.3.1):
    - EXManifests
    - expo-dev-launcher/Main (= 1.3.1)
    - expo-dev-menu
    - expo-dev-menu-interface
    - ExpoModulesCore
    - EXUpdatesInterface
    - React-Core
  - expo-dev-launcher/Main (1.3.1):
    - EXManifests
    - expo-dev-launcher/Unsafe
    - expo-dev-menu
    - expo-dev-menu-interface
    - ExpoModulesCore
    - EXUpdatesInterface
    - React-Core
  - expo-dev-launcher/Unsafe (1.3.1):
    - EXManifests
    - expo-dev-menu
    - expo-dev-menu-interface
    - ExpoModulesCore
    - EXUpdatesInterface
    - React-Core
  - expo-dev-menu (1.3.1):
    - expo-dev-menu/Main (= 1.3.1)
  - expo-dev-menu-interface (0.7.2)
  - expo-dev-menu/GestureHandler (1.3.1)
  - expo-dev-menu/Main (1.3.1):
    - EXManifests
    - expo-dev-menu-interface
    - expo-dev-menu/Vendored
    - ExpoModulesCore
    - React-Core
  - expo-dev-menu/Reanimated (1.3.1):
    - DoubleConversion
    - FBLazyVector
    - FBReactNativeSpec
    - glog
    - RCT-Folly
    - RCTRequired
    - RCTTypeSafety
    - React-callinvoker
    - React-Core
    - React-Core/DevSupport
    - React-Core/RCTWebSocket
    - React-CoreModules
    - React-cxxreact
    - React-jsi
    - React-jsiexecutor
    - React-jsinspector
    - React-RCTActionSheet
    - React-RCTAnimation
    - React-RCTBlob
    - React-RCTImage
    - React-RCTLinking
    - React-RCTNetwork
    - React-RCTSettings
    - React-RCTText
    - React-RCTVibration
    - ReactCommon/turbomodule/core
    - Yoga
  - expo-dev-menu/SafeAreaView (1.3.1)
  - expo-dev-menu/Vendored (1.3.1):
    - expo-dev-menu/GestureHandler
    - expo-dev-menu/Reanimated
    - expo-dev-menu/SafeAreaView
  - ExpoHaptics (11.3.0):
    - ExpoModulesCore
  - ExpoKeepAwake (10.2.1):
    - ExpoModulesCore
  - ExpoLinearGradient (11.4.0):
    - ExpoModulesCore
  - ExpoLocalization (13.1.0):
    - ExpoModulesCore
  - ExpoModulesCore (0.11.10):
    - React-Core
    - ReactCommon/turbomodule/core
  - ExpoRandom (12.3.0):
    - ExpoModulesCore
  - EXSplashScreen (0.16.2):
    - ExpoModulesCore
    - React-Core
  - EXStructuredHeaders (2.2.1)
  - EXTaskManager (10.3.0):
    - ExpoModulesCore
    - UMAppLoader
  - EXUpdates (0.14.7):
    - ASN1Decoder (~> 1.8)
    - EASClient
    - EXManifests
    - ExpoModulesCore
    - EXStructuredHeaders
    - EXUpdatesInterface
    - React-Core
  - EXUpdatesInterface (0.7.0)
  - FBLazyVector (0.69.9)
  - FBReactNativeSpec (0.69.9):
    - RCT-Folly (= 2021.06.28.00-v2)
    - RCTRequired (= 0.69.9)
    - RCTTypeSafety (= 0.69.9)
    - React-Core (= 0.69.9)
    - React-jsi (= 0.69.9)
    - ReactCommon/turbomodule/core (= 0.69.9)
  - fmt (6.2.1)
  - glog (0.3.5)
  - lottie-ios (3.2.3)
  - lottie-react-native (5.1.3):
    - lottie-ios (~> 3.2.3)
    - React-Core
  - RCT-Folly (2021.06.28.00-v2):
    - boost
    - DoubleConversion
    - fmt (~> 6.2.1)
    - glog
    - RCT-Folly/Default (= 2021.06.28.00-v2)
  - RCT-Folly/Default (2021.06.28.00-v2):
    - boost
    - DoubleConversion
    - fmt (~> 6.2.1)
    - glog
  - RCTRequired (0.69.9)
  - RCTTypeSafety (0.69.9):
    - FBLazyVector (= 0.69.9)
    - RCTRequired (= 0.69.9)
    - React-Core (= 0.69.9)
  - React (0.69.9):
    - React-Core (= 0.69.9)
    - React-Core/DevSupport (= 0.69.9)
    - React-Core/RCTWebSocket (= 0.69.9)
    - React-RCTActionSheet (= 0.69.9)
    - React-RCTAnimation (= 0.69.9)
    - React-RCTBlob (= 0.69.9)
    - React-RCTImage (= 0.69.9)
    - React-RCTLinking (= 0.69.9)
    - React-RCTNetwork (= 0.69.9)
    - React-RCTSettings (= 0.69.9)
    - React-RCTText (= 0.69.9)
    - React-RCTVibration (= 0.69.9)
  - React-bridging (0.69.9):
    - RCT-Folly (= 2021.06.28.00-v2)
    - React-jsi (= 0.69.9)
  - React-callinvoker (0.69.9)
  - React-Codegen (0.69.9):
    - FBReactNativeSpec (= 0.69.9)
    - RCT-Folly (= 2021.06.28.00-v2)
    - RCTRequired (= 0.69.9)
    - RCTTypeSafety (= 0.69.9)
    - React-Core (= 0.69.9)
    - React-jsi (= 0.69.9)
    - React-jsiexecutor (= 0.69.9)
    - ReactCommon/turbomodule/core (= 0.69.9)
  - React-Core (0.69.9):
    - glog
    - RCT-Folly (= 2021.06.28.00-v2)
    - React-Core/Default (= 0.69.9)
    - React-cxxreact (= 0.69.9)
    - React-jsi (= 0.69.9)
    - React-jsiexecutor (= 0.69.9)
    - React-perflogger (= 0.69.9)
    - Yoga
  - React-Core/CoreModulesHeaders (0.69.9):
    - glog
    - RCT-Folly (= 2021.06.28.00-v2)
    - React-Core/Default
    - React-cxxreact (= 0.69.9)
    - React-jsi (= 0.69.9)
    - React-jsiexecutor (= 0.69.9)
    - React-perflogger (= 0.69.9)
    - Yoga
  - React-Core/Default (0.69.9):
    - glog
    - RCT-Folly (= 2021.06.28.00-v2)
    - React-cxxreact (= 0.69.9)
    - React-jsi (= 0.69.9)
    - React-jsiexecutor (= 0.69.9)
    - React-perflogger (= 0.69.9)
    - Yoga
  - React-Core/DevSupport (0.69.9):
    - glog
    - RCT-Folly (= 2021.06.28.00-v2)
    - React-Core/Default (= 0.69.9)
    - React-Core/RCTWebSocket (= 0.69.9)
    - React-cxxreact (= 0.69.9)
    - React-jsi (= 0.69.9)
    - React-jsiexecutor (= 0.69.9)
    - React-jsinspector (= 0.69.9)
    - React-perflogger (= 0.69.9)
    - Yoga
  - React-Core/RCTActionSheetHeaders (0.69.9):
    - glog
    - RCT-Folly (= 2021.06.28.00-v2)
    - React-Core/Default
    - React-cxxreact (= 0.69.9)
    - React-jsi (= 0.69.9)
    - React-jsiexecutor (= 0.69.9)
    - React-perflogger (= 0.69.9)
    - Yoga
  - React-Core/RCTAnimationHeaders (0.69.9):
    - glog
    - RCT-Folly (= 2021.06.28.00-v2)
    - React-Core/Default
    - React-cxxreact (= 0.69.9)
    - React-jsi (= 0.69.9)
    - React-jsiexecutor (= 0.69.9)
    - React-perflogger (= 0.69.9)
    - Yoga
  - React-Core/RCTBlobHeaders (0.69.9):
    - glog
    - RCT-Folly (= 2021.06.28.00-v2)
    - React-Core/Default
    - React-cxxreact (= 0.69.9)
    - React-jsi (= 0.69.9)
    - React-jsiexecutor (= 0.69.9)
    - React-perflogger (= 0.69.9)
    - Yoga
  - React-Core/RCTImageHeaders (0.69.9):
    - glog
    - RCT-Folly (= 2021.06.28.00-v2)
    - React-Core/Default
    - React-cxxreact (= 0.69.9)
    - React-jsi (= 0.69.9)
    - React-jsiexecutor (= 0.69.9)
    - React-perflogger (= 0.69.9)
    - Yoga
  - React-Core/RCTLinkingHeaders (0.69.9):
    - glog
    - RCT-Folly (= 2021.06.28.00-v2)
    - React-Core/Default
    - React-cxxreact (= 0.69.9)
    - React-jsi (= 0.69.9)
    - React-jsiexecutor (= 0.69.9)
    - React-perflogger (= 0.69.9)
    - Yoga
  - React-Core/RCTNetworkHeaders (0.69.9):
    - glog
    - RCT-Folly (= 2021.06.28.00-v2)
    - React-Core/Default
    - React-cxxreact (= 0.69.9)
    - React-jsi (= 0.69.9)
    - React-jsiexecutor (= 0.69.9)
    - React-perflogger (= 0.69.9)
    - Yoga
  - React-Core/RCTSettingsHeaders (0.69.9):
    - glog
    - RCT-Folly (= 2021.06.28.00-v2)
    - React-Core/Default
    - React-cxxreact (= 0.69.9)
    - React-jsi (= 0.69.9)
    - React-jsiexecutor (= 0.69.9)
    - React-perflogger (= 0.69.9)
    - Yoga
  - React-Core/RCTTextHeaders (0.69.9):
    - glog
    - RCT-Folly (= 2021.06.28.00-v2)
    - React-Core/Default
    - React-cxxreact (= 0.69.9)
    - React-jsi (= 0.69.9)
    - React-jsiexecutor (= 0.69.9)
    - React-perflogger (= 0.69.9)
    - Yoga
  - React-Core/RCTVibrationHeaders (0.69.9):
    - glog
    - RCT-Folly (= 2021.06.28.00-v2)
    - React-Core/Default
    - React-cxxreact (= 0.69.9)
    - React-jsi (= 0.69.9)
    - React-jsiexecutor (= 0.69.9)
    - React-perflogger (= 0.69.9)
    - Yoga
  - React-Core/RCTWebSocket (0.69.9):
    - glog
    - RCT-Folly (= 2021.06.28.00-v2)
    - React-Core/Default (= 0.69.9)
    - React-cxxreact (= 0.69.9)
    - React-jsi (= 0.69.9)
    - React-jsiexecutor (= 0.69.9)
    - React-perflogger (= 0.69.9)
    - Yoga
  - React-CoreModules (0.69.9):
    - RCT-Folly (= 2021.06.28.00-v2)
    - RCTTypeSafety (= 0.69.9)
    - React-Codegen (= 0.69.9)
    - React-Core/CoreModulesHeaders (= 0.69.9)
    - React-jsi (= 0.69.9)
    - React-RCTImage (= 0.69.9)
    - ReactCommon/turbomodule/core (= 0.69.9)
  - React-cxxreact (0.69.9):
    - boost (= 1.76.0)
    - DoubleConversion
    - glog
    - RCT-Folly (= 2021.06.28.00-v2)
    - React-callinvoker (= 0.69.9)
    - React-jsi (= 0.69.9)
    - React-jsinspector (= 0.69.9)
    - React-logger (= 0.69.9)
    - React-perflogger (= 0.69.9)
    - React-runtimeexecutor (= 0.69.9)
  - React-jsi (0.69.9):
    - boost (= 1.76.0)
    - DoubleConversion
    - glog
    - RCT-Folly (= 2021.06.28.00-v2)
    - React-jsi/Default (= 0.69.9)
  - React-jsi/Default (0.69.9):
    - boost (= 1.76.0)
    - DoubleConversion
    - glog
    - RCT-Folly (= 2021.06.28.00-v2)
  - React-jsiexecutor (0.69.9):
    - DoubleConversion
    - glog
    - RCT-Folly (= 2021.06.28.00-v2)
    - React-cxxreact (= 0.69.9)
    - React-jsi (= 0.69.9)
    - React-perflogger (= 0.69.9)
  - React-jsinspector (0.69.9)
  - React-logger (0.69.9):
    - glog
  - react-native-blur (4.4.1):
    - React-Core
  - react-native-cameraroll (5.10.0):
    - React-Core
  - react-native-get-random-values (1.8.0):
    - React-Core
  - react-native-image-picker (5.7.0):
    - React-Core
  - react-native-maps (0.31.1):
    - React-Core
  - react-native-month-year-picker (1.9.0):
    - React
  - react-native-netinfo (9.3.0):
    - React-Core
  - react-native-restart (0.0.24):
    - React-Core
  - react-native-safe-area-context (4.3.1):
    - RCT-Folly
    - RCTRequired
    - RCTTypeSafety
    - React
    - ReactCommon/turbomodule/core
  - react-native-view-shot (3.3.0):
    - React-Core
  - react-native-webview (11.23.0):
    - React-Core
  - React-perflogger (0.69.9)
  - React-RCTActionSheet (0.69.9):
    - React-Core/RCTActionSheetHeaders (= 0.69.9)
  - React-RCTAnimation (0.69.9):
    - RCT-Folly (= 2021.06.28.00-v2)
    - RCTTypeSafety (= 0.69.9)
    - React-Codegen (= 0.69.9)
    - React-Core/RCTAnimationHeaders (= 0.69.9)
    - React-jsi (= 0.69.9)
    - ReactCommon/turbomodule/core (= 0.69.9)
  - React-RCTBlob (0.69.9):
    - RCT-Folly (= 2021.06.28.00-v2)
    - React-Codegen (= 0.69.9)
    - React-Core/RCTBlobHeaders (= 0.69.9)
    - React-Core/RCTWebSocket (= 0.69.9)
    - React-jsi (= 0.69.9)
    - React-RCTNetwork (= 0.69.9)
    - ReactCommon/turbomodule/core (= 0.69.9)
  - React-RCTImage (0.69.9):
    - RCT-Folly (= 2021.06.28.00-v2)
    - RCTTypeSafety (= 0.69.9)
    - React-Codegen (= 0.69.9)
    - React-Core/RCTImageHeaders (= 0.69.9)
    - React-jsi (= 0.69.9)
    - React-RCTNetwork (= 0.69.9)
    - ReactCommon/turbomodule/core (= 0.69.9)
  - React-RCTLinking (0.69.9):
    - React-Codegen (= 0.69.9)
    - React-Core/RCTLinkingHeaders (= 0.69.9)
    - React-jsi (= 0.69.9)
    - ReactCommon/turbomodule/core (= 0.69.9)
  - React-RCTNetwork (0.69.9):
    - RCT-Folly (= 2021.06.28.00-v2)
    - RCTTypeSafety (= 0.69.9)
    - React-Codegen (= 0.69.9)
    - React-Core/RCTNetworkHeaders (= 0.69.9)
    - React-jsi (= 0.69.9)
    - ReactCommon/turbomodule/core (= 0.69.9)
  - React-RCTSettings (0.69.9):
    - RCT-Folly (= 2021.06.28.00-v2)
    - RCTTypeSafety (= 0.69.9)
    - React-Codegen (= 0.69.9)
    - React-Core/RCTSettingsHeaders (= 0.69.9)
    - React-jsi (= 0.69.9)
    - ReactCommon/turbomodule/core (= 0.69.9)
  - React-RCTText (0.69.9):
    - React-Core/RCTTextHeaders (= 0.69.9)
  - React-RCTVibration (0.69.9):
    - RCT-Folly (= 2021.06.28.00-v2)
    - React-Codegen (= 0.69.9)
    - React-Core/RCTVibrationHeaders (= 0.69.9)
    - React-jsi (= 0.69.9)
    - ReactCommon/turbomodule/core (= 0.69.9)
  - React-runtimeexecutor (0.69.9):
    - React-jsi (= 0.69.9)
  - ReactCommon/turbomodule/core (0.69.9):
    - DoubleConversion
    - glog
    - RCT-Folly (= 2021.06.28.00-v2)
    - React-bridging (= 0.69.9)
    - React-callinvoker (= 0.69.9)
    - React-Core (= 0.69.9)
    - React-cxxreact (= 0.69.9)
    - React-jsi (= 0.69.9)
    - React-logger (= 0.69.9)
    - React-perflogger (= 0.69.9)
  - RNCAsyncStorage (1.17.12):
    - React-Core
  - RNCMaskedView (0.2.7):
    - React-Core
  - RNDateTimePicker (6.2.0):
    - React-Core
  - RNGestureHandler (2.5.0):
    - React-Core
  - RNReanimated (2.9.1):
    - DoubleConversion
    - FBLazyVector
    - FBReactNativeSpec
    - glog
    - RCT-Folly
    - RCTRequired
    - RCTTypeSafety
    - React-callinvoker
    - React-Core
    - React-Core/DevSupport
    - React-Core/RCTWebSocket
    - React-CoreModules
    - React-cxxreact
    - React-jsi
    - React-jsiexecutor
    - React-jsinspector
    - React-RCTActionSheet
    - React-RCTAnimation
    - React-RCTBlob
    - React-RCTImage
    - React-RCTLinking
    - React-RCTNetwork
    - React-RCTSettings
    - React-RCTText
    - ReactCommon/turbomodule/core
    - Yoga
  - RNScreens (3.15.0):
    - React-Core
    - React-RCTImage
  - RNSVG (12.3.0):
    - React-Core
  - UMAppLoader (3.1.0)
  - Yoga (1.14.0)
  - ZXingObjC/Core (3.6.9)
  - ZXingObjC/OneD (3.6.9):
    - ZXingObjC/Core
  - ZXingObjC/PDF417 (3.6.9):
    - ZXingObjC/Core

DEPENDENCIES:
  - boost (from `../node_modules/react-native/third-party-podspecs/boost.podspec`)
  - DoubleConversion (from `../node_modules/react-native/third-party-podspecs/DoubleConversion.podspec`)
  - EASClient (from `../node_modules/expo-eas-client/ios`)
  - EXApplication (from `../node_modules/expo-application/ios`)
  - EXBarCodeScanner (from `../node_modules/expo-barcode-scanner/ios`)
  - EXConstants (from `../node_modules/expo-constants/ios`)
  - EXDevice (from `../node_modules/expo-device/ios`)
  - EXErrorRecovery (from `../node_modules/expo-error-recovery/ios`)
  - EXFileSystem (from `../node_modules/expo-file-system/ios`)
  - EXFont (from `../node_modules/expo-font/ios`)
  - EXImageLoader (from `../node_modules/expo-image-loader/ios`)
  - EXJSONUtils (from `../node_modules/expo-json-utils/ios`)
  - EXLocation (from `../node_modules/expo-location/ios`)
  - EXManifests (from `../node_modules/expo-manifests/ios`)
  - EXNotifications (from `../node_modules/expo-notifications/ios`)
  - Expo (from `../node_modules/expo`)
  - expo-dev-client (from `../node_modules/expo-dev-client/ios`)
  - expo-dev-launcher (from `../node_modules/expo-dev-launcher`)
  - expo-dev-menu (from `../node_modules/expo-dev-menu`)
  - expo-dev-menu-interface (from `../node_modules/expo-dev-menu-interface/ios`)
  - ExpoHaptics (from `../node_modules/expo-haptics/ios`)
  - ExpoKeepAwake (from `../node_modules/expo-keep-awake/ios`)
  - ExpoLinearGradient (from `../node_modules/expo-linear-gradient/ios`)
  - ExpoLocalization (from `../node_modules/expo-localization/ios`)
  - ExpoModulesCore (from `../node_modules/expo-modules-core/ios`)
  - ExpoRandom (from `../node_modules/expo-random/ios`)
  - EXSplashScreen (from `../node_modules/expo-splash-screen/ios`)
  - EXStructuredHeaders (from `../node_modules/expo-structured-headers/ios`)
  - EXTaskManager (from `../node_modules/expo-task-manager/ios`)
  - EXUpdates (from `../node_modules/expo-updates/ios`)
  - EXUpdatesInterface (from `../node_modules/expo-updates-interface/ios`)
  - FBLazyVector (from `../node_modules/react-native/Libraries/FBLazyVector`)
  - FBReactNativeSpec (from `../node_modules/react-native/React/FBReactNativeSpec`)
  - glog (from `../node_modules/react-native/third-party-podspecs/glog.podspec`)
  - lottie-react-native (from `../node_modules/lottie-react-native`)
  - RCT-Folly (from `../node_modules/react-native/third-party-podspecs/RCT-Folly.podspec`)
  - RCTRequired (from `../node_modules/react-native/Libraries/RCTRequired`)
  - RCTTypeSafety (from `../node_modules/react-native/Libraries/TypeSafety`)
  - React (from `../node_modules/react-native/`)
  - React-bridging (from `../node_modules/react-native/ReactCommon`)
  - React-callinvoker (from `../node_modules/react-native/ReactCommon/callinvoker`)
  - React-Codegen (from `build/generated/ios`)
  - React-Core (from `../node_modules/react-native/`)
  - React-Core/RCTWebSocket (from `../node_modules/react-native/`)
  - React-CoreModules (from `../node_modules/react-native/React/CoreModules`)
  - React-cxxreact (from `../node_modules/react-native/ReactCommon/cxxreact`)
  - React-jsi (from `../node_modules/react-native/ReactCommon/jsi`)
  - React-jsiexecutor (from `../node_modules/react-native/ReactCommon/jsiexecutor`)
  - React-jsinspector (from `../node_modules/react-native/ReactCommon/jsinspector`)
  - React-logger (from `../node_modules/react-native/ReactCommon/logger`)
  - "react-native-blur (from `../node_modules/@react-native-community/blur`)"
  - "react-native-cameraroll (from `../node_modules/@react-native-camera-roll/camera-roll`)"
  - react-native-get-random-values (from `../node_modules/react-native-get-random-values`)
  - react-native-image-picker (from `../node_modules/react-native-image-picker`)
  - react-native-maps (from `../node_modules/react-native-maps`)
  - react-native-month-year-picker (from `../node_modules/react-native-month-year-picker`)
  - "react-native-netinfo (from `../node_modules/@react-native-community/netinfo`)"
  - react-native-restart (from `../node_modules/react-native-restart`)
  - react-native-safe-area-context (from `../node_modules/react-native-safe-area-context`)
  - react-native-view-shot (from `../node_modules/react-native-view-shot`)
  - react-native-webview (from `../node_modules/react-native-webview`)
  - React-perflogger (from `../node_modules/react-native/ReactCommon/reactperflogger`)
  - React-RCTActionSheet (from `../node_modules/react-native/Libraries/ActionSheetIOS`)
  - React-RCTAnimation (from `../node_modules/react-native/Libraries/NativeAnimation`)
  - React-RCTBlob (from `../node_modules/react-native/Libraries/Blob`)
  - React-RCTImage (from `../node_modules/react-native/Libraries/Image`)
  - React-RCTLinking (from `../node_modules/react-native/Libraries/LinkingIOS`)
  - React-RCTNetwork (from `../node_modules/react-native/Libraries/Network`)
  - React-RCTSettings (from `../node_modules/react-native/Libraries/Settings`)
  - React-RCTText (from `../node_modules/react-native/Libraries/Text`)
  - React-RCTVibration (from `../node_modules/react-native/Libraries/Vibration`)
  - React-runtimeexecutor (from `../node_modules/react-native/ReactCommon/runtimeexecutor`)
  - ReactCommon/turbomodule/core (from `../node_modules/react-native/ReactCommon`)
  - "RNCAsyncStorage (from `../node_modules/@react-native-async-storage/async-storage`)"
  - "RNCMaskedView (from `../node_modules/@react-native-masked-view/masked-view`)"
  - "RNDateTimePicker (from `../node_modules/@react-native-community/datetimepicker`)"
  - RNGestureHandler (from `../node_modules/react-native-gesture-handler`)
  - RNReanimated (from `../node_modules/react-native-reanimated`)
  - RNScreens (from `../node_modules/react-native-screens`)
  - RNSVG (from `../node_modules/react-native-svg`)
  - UMAppLoader (from `../node_modules/unimodules-app-loader/ios`)
  - Yoga (from `../node_modules/react-native/ReactCommon/yoga`)

SPEC REPOS:
  trunk:
    - ASN1Decoder
    - fmt
    - lottie-ios
    - ZXingObjC

EXTERNAL SOURCES:
  boost:
    :podspec: "../node_modules/react-native/third-party-podspecs/boost.podspec"
  DoubleConversion:
    :podspec: "../node_modules/react-native/third-party-podspecs/DoubleConversion.podspec"
  EASClient:
    :path: "../node_modules/expo-eas-client/ios"
  EXApplication:
    :path: "../node_modules/expo-application/ios"
  EXBarCodeScanner:
    :path: "../node_modules/expo-barcode-scanner/ios"
  EXConstants:
    :path: "../node_modules/expo-constants/ios"
  EXDevice:
    :path: "../node_modules/expo-device/ios"
  EXErrorRecovery:
    :path: "../node_modules/expo-error-recovery/ios"
  EXFileSystem:
    :path: "../node_modules/expo-file-system/ios"
  EXFont:
    :path: "../node_modules/expo-font/ios"
  EXImageLoader:
    :path: "../node_modules/expo-image-loader/ios"
  EXJSONUtils:
    :path: "../node_modules/expo-json-utils/ios"
  EXLocation:
    :path: "../node_modules/expo-location/ios"
  EXManifests:
    :path: "../node_modules/expo-manifests/ios"
  EXNotifications:
    :path: "../node_modules/expo-notifications/ios"
  Expo:
    :path: "../node_modules/expo"
  expo-dev-client:
    :path: "../node_modules/expo-dev-client/ios"
  expo-dev-launcher:
    :path: "../node_modules/expo-dev-launcher"
  expo-dev-menu:
    :path: "../node_modules/expo-dev-menu"
  expo-dev-menu-interface:
    :path: "../node_modules/expo-dev-menu-interface/ios"
  ExpoHaptics:
    :path: "../node_modules/expo-haptics/ios"
  ExpoKeepAwake:
    :path: "../node_modules/expo-keep-awake/ios"
  ExpoLinearGradient:
    :path: "../node_modules/expo-linear-gradient/ios"
  ExpoLocalization:
    :path: "../node_modules/expo-localization/ios"
  ExpoModulesCore:
    :path: "../node_modules/expo-modules-core/ios"
  ExpoRandom:
    :path: "../node_modules/expo-random/ios"
  EXSplashScreen:
    :path: "../node_modules/expo-splash-screen/ios"
  EXStructuredHeaders:
    :path: "../node_modules/expo-structured-headers/ios"
  EXTaskManager:
    :path: "../node_modules/expo-task-manager/ios"
  EXUpdates:
    :path: "../node_modules/expo-updates/ios"
  EXUpdatesInterface:
    :path: "../node_modules/expo-updates-interface/ios"
  FBLazyVector:
    :path: "../node_modules/react-native/Libraries/FBLazyVector"
  FBReactNativeSpec:
    :path: "../node_modules/react-native/React/FBReactNativeSpec"
  glog:
    :podspec: "../node_modules/react-native/third-party-podspecs/glog.podspec"
  lottie-react-native:
    :path: "../node_modules/lottie-react-native"
  RCT-Folly:
    :podspec: "../node_modules/react-native/third-party-podspecs/RCT-Folly.podspec"
  RCTRequired:
    :path: "../node_modules/react-native/Libraries/RCTRequired"
  RCTTypeSafety:
    :path: "../node_modules/react-native/Libraries/TypeSafety"
  React:
    :path: "../node_modules/react-native/"
  React-bridging:
    :path: "../node_modules/react-native/ReactCommon"
  React-callinvoker:
    :path: "../node_modules/react-native/ReactCommon/callinvoker"
  React-Codegen:
    :path: build/generated/ios
  React-Core:
    :path: "../node_modules/react-native/"
  React-CoreModules:
    :path: "../node_modules/react-native/React/CoreModules"
  React-cxxreact:
    :path: "../node_modules/react-native/ReactCommon/cxxreact"
  React-jsi:
    :path: "../node_modules/react-native/ReactCommon/jsi"
  React-jsiexecutor:
    :path: "../node_modules/react-native/ReactCommon/jsiexecutor"
  React-jsinspector:
    :path: "../node_modules/react-native/ReactCommon/jsinspector"
  React-logger:
    :path: "../node_modules/react-native/ReactCommon/logger"
  react-native-blur:
    :path: "../node_modules/@react-native-community/blur"
  react-native-cameraroll:
    :path: "../node_modules/@react-native-camera-roll/camera-roll"
  react-native-get-random-values:
    :path: "../node_modules/react-native-get-random-values"
  react-native-image-picker:
    :path: "../node_modules/react-native-image-picker"
  react-native-maps:
    :path: "../node_modules/react-native-maps"
  react-native-month-year-picker:
    :path: "../node_modules/react-native-month-year-picker"
  react-native-netinfo:
    :path: "../node_modules/@react-native-community/netinfo"
  react-native-restart:
    :path: "../node_modules/react-native-restart"
  react-native-safe-area-context:
    :path: "../node_modules/react-native-safe-area-context"
  react-native-view-shot:
    :path: "../node_modules/react-native-view-shot"
  react-native-webview:
    :path: "../node_modules/react-native-webview"
  React-perflogger:
    :path: "../node_modules/react-native/ReactCommon/reactperflogger"
  React-RCTActionSheet:
    :path: "../node_modules/react-native/Libraries/ActionSheetIOS"
  React-RCTAnimation:
    :path: "../node_modules/react-native/Libraries/NativeAnimation"
  React-RCTBlob:
    :path: "../node_modules/react-native/Libraries/Blob"
  React-RCTImage:
    :path: "../node_modules/react-native/Libraries/Image"
  React-RCTLinking:
    :path: "../node_modules/react-native/Libraries/LinkingIOS"
  React-RCTNetwork:
    :path: "../node_modules/react-native/Libraries/Network"
  React-RCTSettings:
    :path: "../node_modules/react-native/Libraries/Settings"
  React-RCTText:
    :path: "../node_modules/react-native/Libraries/Text"
  React-RCTVibration:
    :path: "../node_modules/react-native/Libraries/Vibration"
  React-runtimeexecutor:
    :path: "../node_modules/react-native/ReactCommon/runtimeexecutor"
  ReactCommon:
    :path: "../node_modules/react-native/ReactCommon"
  RNCAsyncStorage:
    :path: "../node_modules/@react-native-async-storage/async-storage"
  RNCMaskedView:
    :path: "../node_modules/@react-native-masked-view/masked-view"
  RNDateTimePicker:
    :path: "../node_modules/@react-native-community/datetimepicker"
  RNGestureHandler:
    :path: "../node_modules/react-native-gesture-handler"
  RNReanimated:
    :path: "../node_modules/react-native-reanimated"
  RNScreens:
    :path: "../node_modules/react-native-screens"
  RNSVG:
    :path: "../node_modules/react-native-svg"
  UMAppLoader:
    :path: "../node_modules/unimodules-app-loader/ios"
  Yoga:
    :path: "../node_modules/react-native/ReactCommon/yoga"

SPEC CHECKSUMS:
  ASN1Decoder: 91cb1d781b5a178ea7375b2f1519e2bdaaa4c427
  boost: bb65545cff00ef2a57d478bafc61c34dbabe9cf5
  DoubleConversion: 5189b271737e1565bdce30deb4a08d647e3f5f54
  EASClient: e8a6a5994596a56931faea25dabe88f603e20383
  EXApplication: 4a1c5c1fb9f34535fad77a685b403dfc1cc7d9c1
  EXBarCodeScanner: 038f64104a78af684c7c38967aa8ae987a319ff7
  EXConstants: ae4d3f303c655a6120b4aff07e46dab8c27562e9
  EXDevice: 48895f8d05eacac8eac50bc3b45943d0dcc2e97b
  EXErrorRecovery: 27d876ef121ced3295e91ea7722d3682744f4386
  EXFileSystem: 18014a3201470bdec46e02447f8d43db7cf3d224
  EXFont: e7314cef5a25a50c3957b4a2d94cdfeabb849f8d
  EXImageLoader: 502667377b5260b2a9c650a2f329b186c46c9b02
  EXJSONUtils: 2a74b8f40f1523cc3f92af99c91aa78201737a77
  EXLocation: f589711ccc2c14a88cb9a9b7126200fab068ed6a
  EXManifests: da7e03aa118af39011686150706ac5c45253c066
  EXNotifications: fd552cbd14157af342cca498635c19124bb0b0c5
  Expo: ff3da425b541a39581eb73721a9e773f825dcf1b
  expo-dev-client: b625229bb4c5ba64ff017fbb28f06cf86b4ba9aa
  expo-dev-launcher: fdef9e7a93850cdb166fc500b43f908ff29dc90a
  expo-dev-menu: e8114ec86eed489596e3be35e1cd1a68fb756486
  expo-dev-menu-interface: 26690d5a34ffa887f7114b8ce0893f123a42b341
  ExpoHaptics: acfc3e15d111022f12268bb40f56c38883aab375
  ExpoKeepAwake: 4888cd8888beef5a474bcded9985311fe50f6bd1
  ExpoLinearGradient: 05ecaa830d1f1fc95a06d583ebee1461ff596dd2
  ExpoLocalization: b00d0596dfd56cc76bb73db00393cad7264408b4
  ExpoModulesCore: 137aa0c45ba2136bdae28937189a8ad725c9b43d
  ExpoRandom: da431ccd1deafb0705642f1e81a4a1239e8348b8
  EXSplashScreen: be364303b208e8579aecaab39a854c0976b46cb7
  EXStructuredHeaders: 5d86829469399370a9fc7cb1e4391b09de87681d
  EXTaskManager: 78f022c28d49d2637802620e5e3b18ef470fa39f
  EXUpdates: cc5e38246410a5aab13e7c55e1316183ff3723da
  EXUpdatesInterface: 2bbc11815dfa2ec3fc02e5534c7592c6b42b5327
  FBLazyVector: d3c1d2923b1009f4e709e8f1b793dedf5b323454
  FBReactNativeSpec: d460df7d796ed4979c6cd4e092145b63eb28b5bb
  fmt: ff9d55029c625d3757ed641535fd4a75fedc7ce9
  glog: 3d02b25ca00c2d456734d0bcff864cbc62f6ae1a
  lottie-ios: c058aeafa76daa4cf64d773554bccc8385d0150e
  lottie-react-native: 1e1233e7e9df75008498733123c1de4d1227a778
  RCT-Folly: ba26c9ca44b1fb56915c3efd9ce618472addc544
  RCTRequired: fe80e9f71dd15939e5399dd94d0aa0e5e069d592
  RCTTypeSafety: 4c802f7c4b9e7c55470e7fc56d50385cbfcce89b
  React: efe0b6d0b7401a208d2d1bf8320c0b6a0dcd593b
  React-bridging: 11a324da43d8467cfe528ccff0e00ab43bdf1cf4
  React-callinvoker: d4d34002df449053784f1131a6382e526d172395
  React-Codegen: 63eb91553568558cbd6fb2f336c3ff2fea66b37a
  React-Core: 9ddf6ce498a84ce0d0c45950a552f594adf331cb
  React-CoreModules: 8b6665f9b128b875660d75a7144122c742ad4af9
  React-cxxreact: bcc953d0a5456e0f147aafa8ae5d6eb3c18dfbde
  React-jsi: 9da03b046fe346b9e2aefdd9f92c03fcf6573dac
  React-jsiexecutor: 06dba9cd8105d5b58d935946d8b452cef1dee34f
  React-jsinspector: 5b92a5a30e02e1a21802f293cc71e05d887c7378
  React-logger: 52038e064f4ec6897bd820f3bdcc09d2d7aa40bb
  react-native-blur: 31d3c608b337f9d15d356148e0d88549fbf5fdc7
  react-native-cameraroll: 9c9027acae394d1248b7255bbc1cd8fbddd7ba8f
  react-native-get-random-values: 0fd2b6a3129988d701d10e30f0622d5f039531bc
  react-native-image-picker: b981b88b807605540b2de3245c76e9729f418b37
  react-native-maps: f0735cb10a019046e6c5ad4cb403d9f9e7448f77
  react-native-month-year-picker: 8b72e984757e47e08fece220fa09fcdf1816203d
  react-native-netinfo: 17063d97f52803d5b38048b6425ba670c1e50dca
  react-native-restart: df7caae89026a8ab2ecdd82839978f657701f51d
  react-native-safe-area-context: 3147a84d005125c9b38b59a32807db4bb28115b0
  react-native-view-shot: 5e71b4995166120915e781077ab3e221f1e42c75
  react-native-webview: 5c84c9e56ab8cdfc211da7d59fa038a9ceed9738
  React-perflogger: f6f4b3c63629ead2e8a5a22eaedd06368c31617a
  React-RCTActionSheet: 5e95058e99c53313d778d96b7f37697ce3a9418e
  React-RCTAnimation: c4f86d756d8398c674f61d00075993a368d83480
  React-RCTBlob: c74cb1350831866b3b23c2379ccc3a5909593bc5
  React-RCTImage: cc72e4092e08c7070d1dce7704fbdcdfc9e0a721
  React-RCTLinking: dca79b9df468980462a399a630156f5a5fc0b5bc
  React-RCTNetwork: 0dfb918fd237b6fa4e3820769c57a6a0ad61f934
  React-RCTSettings: a9fb6736139ddf8e7d11842c8a948c47c1ae603d
  React-RCTText: 87456d45e8bcc0c831b7c7fcfcfd860a54f54a79
  React-RCTVibration: ea899478e6f10ee526f476f769ab33211be2addd
  React-runtimeexecutor: df1518d092e8c74cafddc56690d1ac386ec24d7a
  ReactCommon: 0269321cb72a5979555d06490697270757aca921
  RNCAsyncStorage: 8b77ee488cbf644ac2335dbcd5fafd25d280ea13
  RNCMaskedView: 4326a4b674e2178239c4a13e76eeff5b992385d2
  RNDateTimePicker: 90bee35f76c09db29aaded4185eccdd43b918568
  RNGestureHandler: 0bfff8f10b0710e37b355b458b92143cd0414064
  RNReanimated: 5c80fa36e57c4c72cc4b56bc14f4ede4af8359b6
  RNScreens: 3c581ebc42ad074c9be97825081d1ad9a004dd2d
  RNSVG: d4a5ecffcb2c1094082455e7f39c90eebe50a200
  UMAppLoader: 6185e8c45922f187002b85afae097961c4781df4
  Yoga: 7a4d48cfb35dfa542151e615fa73c1a0d88caf21
  ZXingObjC: 8898711ab495761b2dbbdec76d90164a6d7e14c5

PODFILE CHECKSUM: 471fdef77fdb2721c3932b0aa02ee7faa637290d

COCOAPODS: 1.16.2
